
Microsoft Visual Studio Solution File, Format Version 12.00
# Visual Studio Version 17
VisualStudioVersion = 17.2.32505.173
MinimumVisualStudioVersion = 10.0.40219.1
Project("{FAE04EC0-301F-11D3-BF4B-00C04F79EFBC}") = "API-Baralho", "API-Baralho\API-Baralho.csproj", "{14C59468-902B-4F26-B813-A3A918FA7E8D}"
EndProject
Global
	GlobalSection(SolutionConfigurationPlatforms) = preSolution
		Debug|Any CPU = Debug|Any CPU
		Release|Any CPU = Release|Any CPU
	EndGlobalSection
	GlobalSection(ProjectConfigurationPlatforms) = postSolution
		{14C59468-902B-4F26-B813-A3A918FA7E8D}.Debug|Any CPU.ActiveCfg = Debug|Any CPU
		{14C59468-902B-4F26-B813-A3A918FA7E8D}.Debug|Any CPU.Build.0 = Debug|Any CPU
		{14C59468-902B-4F26-B813-A3A918FA7E8D}.Release|Any CPU.ActiveCfg = Release|Any CPU
		{14C59468-902B-4F26-B813-A3A918FA7E8D}.Release|Any CPU.Build.0 = Release|Any CPU
	EndGlobalSection
	GlobalSection(SolutionProperties) = preSolution
		HideSolutionNode = FALSE
	EndGlobalSection
	GlobalSection(ExtensibilityGlobals) = postSolution
		SolutionGuid = {20D8AB8D-F0FB-420C-8428-B3C3E97645E7}
	EndGlobalSection
EndGlobal
